
Microsoft Visual Studio Solution File, Format Version 12.00
# Visual Studio Version 17
VisualStudioVersion = 17.6.33815.320
MinimumVisualStudioVersion = 10.0.40219.1
Project("{9A19103F-16F7-4668-BE54-9A1E7A4F7556}") = "Widget", "Widget\Widget.csproj", "{BDBCFFF7-45DE-42BA-A1F8-D494DB1DAAF0}"
EndProject
Project("{9A19103F-16F7-4668-BE54-9A1E7A4F7556}") = "VirusTotal", "VTResponseParser\VirusTotal.csproj", "{84DF0498-731E-4CB8-8A9C-AC4A4A9512E2}"
EndProject
Project("{9A19103F-16F7-4668-BE54-9A1E7A4F7556}") = "WidgetTests", "WidgetTests\WidgetTests.csproj", "{2832396F-499A-4D0A-9819-2B19176A5DB0}"
EndProject
Project("{FAE04EC0-301F-11D3-BF4B-00C04F79EFBC}") = "VirusTotalTests", "VirusTotalTests\VirusTotalTests.csproj", "{949A331A-BEBC-4719-9661-D556C28CB7F4}"
EndProject
Global
	GlobalSection(SolutionConfigurationPlatforms) = preSolution
		Debug|Any CPU = Debug|Any CPU
		Release|Any CPU = Release|Any CPU
	EndGlobalSection
	GlobalSection(ProjectConfigurationPlatforms) = postSolution
		{BDBCFFF7-45DE-42BA-A1F8-D494DB1DAAF0}.Debug|Any CPU.ActiveCfg = Debug|Any CPU
		{BDBCFFF7-45DE-42BA-A1F8-D494DB1DAAF0}.Debug|Any CPU.Build.0 = Debug|Any CPU
		{BDBCFFF7-45DE-42BA-A1F8-D494DB1DAAF0}.Release|Any CPU.ActiveCfg = Release|Any CPU
		{BDBCFFF7-45DE-42BA-A1F8-D494DB1DAAF0}.Release|Any CPU.Build.0 = Release|Any CPU
		{84DF0498-731E-4CB8-8A9C-AC4A4A9512E2}.Debug|Any CPU.ActiveCfg = Debug|Any CPU
		{84DF0498-731E-4CB8-8A9C-AC4A4A9512E2}.Debug|Any CPU.Build.0 = Debug|Any CPU
		{84DF0498-731E-4CB8-8A9C-AC4A4A9512E2}.Release|Any CPU.ActiveCfg = Release|Any CPU
		{84DF0498-731E-4CB8-8A9C-AC4A4A9512E2}.Release|Any CPU.Build.0 = Release|Any CPU
		{2832396F-499A-4D0A-9819-2B19176A5DB0}.Debug|Any CPU.ActiveCfg = Debug|Any CPU
		{2832396F-499A-4D0A-9819-2B19176A5DB0}.Debug|Any CPU.Build.0 = Debug|Any CPU
		{2832396F-499A-4D0A-9819-2B19176A5DB0}.Release|Any CPU.ActiveCfg = Release|Any CPU
		{2832396F-499A-4D0A-9819-2B19176A5DB0}.Release|Any CPU.Build.0 = Release|Any CPU
		{949A331A-BEBC-4719-9661-D556C28CB7F4}.Debug|Any CPU.ActiveCfg = Debug|Any CPU
		{949A331A-BEBC-4719-9661-D556C28CB7F4}.Debug|Any CPU.Build.0 = Debug|Any CPU
		{949A331A-BEBC-4719-9661-D556C28CB7F4}.Release|Any CPU.ActiveCfg = Release|Any CPU
		{949A331A-BEBC-4719-9661-D556C28CB7F4}.Release|Any CPU.Build.0 = Release|Any CPU
	EndGlobalSection
	GlobalSection(SolutionProperties) = preSolution
		HideSolutionNode = FALSE
	EndGlobalSection
	GlobalSection(ExtensibilityGlobals) = postSolution
		SolutionGuid = {AB0D91F7-21FE-4EF6-850A-A3DF4DA9493B}
	EndGlobalSection
EndGlobal
